
Microsoft Visual Studio Solution File, Format Version 12.00
# Visual Studio 15
VisualStudioVersion = 15.0.28010.2046
MinimumVisualStudioVersion = 10.0.40219.1
Project("{FAE04EC0-301F-11D3-BF4B-00C04F79EFBC}") = "BlogDotNet", "BlogDotNet\BlogDotNet.csproj", "{0DB73C12-2D7A-4321-BCF3-6BC832332325}"
EndProject
Project("{2150E333-8FDC-42A3-9474-1A3956D46DE8}") = "Solution Items", "Solution Items", "{1A762244-892A-41CB-87CF-53C74AA87A7A}"
	ProjectSection(SolutionItems) = preProject
		README.md = README.md
	EndProjectSection
EndProject
Global
	GlobalSection(SolutionConfigurationPlatforms) = preSolution
		Debug|Any CPU = Debug|Any CPU
		Release|Any CPU = Release|Any CPU
	EndGlobalSection
	GlobalSection(ProjectConfigurationPlatforms) = postSolution
		{0DB73C12-2D7A-4321-BCF3-6BC832332325}.Debug|Any CPU.ActiveCfg = Debug|Any CPU
		{0DB73C12-2D7A-4321-BCF3-6BC832332325}.Debug|Any CPU.Build.0 = Debug|Any CPU
		{0DB73C12-2D7A-4321-BCF3-6BC832332325}.Release|Any CPU.ActiveCfg = Release|Any CPU
		{0DB73C12-2D7A-4321-BCF3-6BC832332325}.Release|Any CPU.Build.0 = Release|Any CPU
	EndGlobalSection
	GlobalSection(SolutionProperties) = preSolution
		HideSolutionNode = FALSE
	EndGlobalSection
	GlobalSection(ExtensibilityGlobals) = postSolution
		SolutionGuid = {0239E2BE-4093-4BD8-8511-99A956987BEA}
	EndGlobalSection
EndGlobal
